// !$*UTF8*$!
{
	archiveVersion = 1;
	classes = {
	};
	objectVersion = 46;
	objects = {

/* Begin PBXBuildFile section */
		862FB02A1839343C006B355B /* MBProgressHUD.m in Sources */ = {isa = PBXBuildFile; fileRef = 862FB0291839343C006B355B /* MBProgressHUD.m */; };
		8645E9D018331D9E0094F676 /* TDDayView.m in Sources */ = {isa = PBXBuildFile; fileRef = 8645E9CF18331D9E0094F676 /* TDDayView.m */; };
		8645E9D31833370F0094F676 /* UILocalNotification+DailyNotification.m in Sources */ = {isa = PBXBuildFile; fileRef = 8645E9D21833370F0094F676 /* UILocalNotification+DailyNotification.m */; };
		86C7120D182F57820049B517 /* Foundation.framework in Frameworks */ = {isa = PBXBuildFile; fileRef = 86C7120C182F57820049B517 /* Foundation.framework */; };
		86C7120F182F57820049B517 /* CoreGraphics.framework in Frameworks */ = {isa = PBXBuildFile; fileRef = 86C7120E182F57820049B517 /* CoreGraphics.framework */; };
		86C71211182F57820049B517 /* UIKit.framework in Frameworks */ = {isa = PBXBuildFile; fileRef = 86C71210182F57820049B517 /* UIKit.framework */; };
		86C71213182F57820049B517 /* SpriteKit.framework in Frameworks */ = {isa = PBXBuildFile; fileRef = 86C71212182F57820049B517 /* SpriteKit.framework */; };
		86C71219182F57820049B517 /* InfoPlist.strings in Resources */ = {isa = PBXBuildFile; fileRef = 86C71217182F57820049B517 /* InfoPlist.strings */; };
		86C7121B182F57820049B517 /* main.m in Sources */ = {isa = PBXBuildFile; fileRef = 86C7121A182F57820049B517 /* main.m */; };
		86C7121F182F57820049B517 /* TDAppDelegate.m in Sources */ = {isa = PBXBuildFile; fileRef = 86C7121E182F57820049B517 /* TDAppDelegate.m */; };
		86C71222182F57820049B517 /* Main.storyboard in Resources */ = {isa = PBXBuildFile; fileRef = 86C71220182F57820049B517 /* Main.storyboard */; };
		86C7122C182F57820049B517 /* Images.xcassets in Resources */ = {isa = PBXBuildFile; fileRef = 86C7122B182F57820049B517 /* Images.xcassets */; };
		86C71233182F57820049B517 /* XCTest.framework in Frameworks */ = {isa = PBXBuildFile; fileRef = 86C71232182F57820049B517 /* XCTest.framework */; };
		86C71234182F57820049B517 /* Foundation.framework in Frameworks */ = {isa = PBXBuildFile; fileRef = 86C7120C182F57820049B517 /* Foundation.framework */; };
		86C71235182F57820049B517 /* UIKit.framework in Frameworks */ = {isa = PBXBuildFile; fileRef = 86C71210182F57820049B517 /* UIKit.framework */; };
		86C7123D182F57820049B517 /* InfoPlist.strings in Resources */ = {isa = PBXBuildFile; fileRef = 86C7123B182F57820049B517 /* InfoPlist.strings */; };
		86C7123F182F57820049B517 /* TheDailyTests.m in Sources */ = {isa = PBXBuildFile; fileRef = 86C7123E182F57820049B517 /* TheDailyTests.m */; };
		86C7124A182F58490049B517 /* TDDayViewController.m in Sources */ = {isa = PBXBuildFile; fileRef = 86C71249182F58490049B517 /* TDDayViewController.m */; };
		86C71250182F5A6E0049B517 /* TDReminderTemplateCell.m in Sources */ = {isa = PBXBuildFile; fileRef = 86C7124F182F5A6E0049B517 /* TDReminderTemplateCell.m */; };
		86C71252182F5A790049B517 /* reminderTemplateCell.xib in Resources */ = {isa = PBXBuildFile; fileRef = 86C71251182F5A790049B517 /* reminderTemplateCell.xib */; };
		86C71255182F5F190049B517 /* TDReminderView.m in Sources */ = {isa = PBXBuildFile; fileRef = 86C71254182F5F190049B517 /* TDReminderView.m */; };
		86C7125A182F61F80049B517 /* TDTemplateCollectionView.m in Sources */ = {isa = PBXBuildFile; fileRef = 86C71259182F61F80049B517 /* TDTemplateCollectionView.m */; };
		86C7125D182F6BC20049B517 /* JCMath.m in Sources */ = {isa = PBXBuildFile; fileRef = 86C7125C182F6BC20049B517 /* JCMath.m */; };
/* End PBXBuildFile section */

/* Begin PBXContainerItemProxy section */
		86C71236182F57820049B517 /* PBXContainerItemProxy */ = {
			isa = PBXContainerItemProxy;
			containerPortal = 86C71201182F57820049B517 /* Project object */;
			proxyType = 1;
			remoteGlobalIDString = 86C71208182F57820049B517;
			remoteInfo = TheDaily;
		};
/* End PBXContainerItemProxy section */

/* Begin PBXFileReference section */
		862FB0281839343C006B355B /* MBProgressHUD.h */ = {isa = PBXFileReference; fileEncoding = 4; lastKnownFileType = sourcecode.c.h; path = MBProgressHUD.h; sourceTree = "<group>"; };
		862FB0291839343C006B355B /* MBProgressHUD.m */ = {isa = PBXFileReference; fileEncoding = 4; lastKnownFileType = sourcecode.c.objc; path = MBProgressHUD.m; sourceTree = "<group>"; };
		8645E9CE18331D9E0094F676 /* TDDayView.h */ = {isa = PBXFileReference; fileEncoding = 4; lastKnownFileType = sourcecode.c.h; path = TDDayView.h; sourceTree = "<group>"; };
		8645E9CF18331D9E0094F676 /* TDDayView.m */ = {isa = PBXFileReference; fileEncoding = 4; lastKnownFileType = sourcecode.c.objc; path = TDDayView.m; sourceTree = "<group>"; };
		8645E9D11833370F0094F676 /* UILocalNotification+DailyNotification.h */ = {isa = PBXFileReference; fileEncoding = 4; lastKnownFileType = sourcecode.c.h; path = "UILocalNotification+DailyNotification.h"; sourceTree = "<group>"; };
		8645E9D21833370F0094F676 /* UILocalNotification+DailyNotification.m */ = {isa = PBXFileReference; fileEncoding = 4; lastKnownFileType = sourcecode.c.objc; path = "UILocalNotification+DailyNotification.m"; sourceTree = "<group>"; };
		86C71209182F57820049B517 /* TheDaily.app */ = {isa = PBXFileReference; explicitFileType = wrapper.application; includeInIndex = 0; path = TheDaily.app; sourceTree = BUILT_PRODUCTS_DIR; };
		86C7120C182F57820049B517 /* Foundation.framework */ = {isa = PBXFileReference; lastKnownFileType = wrapper.framework; name = Foundation.framework; path = System/Library/Frameworks/Foundation.framework; sourceTree = SDKROOT; };
		86C7120E182F57820049B517 /* CoreGraphics.framework */ = {isa = PBXFileReference; lastKnownFileType = wrapper.framework; name = CoreGraphics.framework; path = System/Library/Frameworks/CoreGraphics.framework; sourceTree = SDKROOT; };
		86C71210182F57820049B517 /* UIKit.framework */ = {isa = PBXFileReference; lastKnownFileType = wrapper.framework; name = UIKit.framework; path = System/Library/Frameworks/UIKit.framework; sourceTree = SDKROOT; };
		86C71212182F57820049B517 /* SpriteKit.framework */ = {isa = PBXFileReference; lastKnownFileType = wrapper.framework; name = SpriteKit.framework; path = System/Library/Frameworks/SpriteKit.framework; sourceTree = SDKROOT; };
		86C71216182F57820049B517 /* TheDaily-Info.plist */ = {isa = PBXFileReference; lastKnownFileType = text.plist.xml; path = "TheDaily-Info.plist"; sourceTree = "<group>"; };
		86C71218182F57820049B517 /* en */ = {isa = PBXFileReference; lastKnownFileType = text.plist.strings; name = en; path = en.lproj/InfoPlist.strings; sourceTree = "<group>"; };
		86C7121A182F57820049B517 /* main.m */ = {isa = PBXFileReference; lastKnownFileType = sourcecode.c.objc; path = main.m; sourceTree = "<group>"; };
		86C7121C182F57820049B517 /* TheDaily-Prefix.pch */ = {isa = PBXFileReference; lastKnownFileType = sourcecode.c.h; path = "TheDaily-Prefix.pch"; sourceTree = "<group>"; };
		86C7121D182F57820049B517 /* TDAppDelegate.h */ = {isa = PBXFileReference; lastKnownFileType = sourcecode.c.h; path = TDAppDelegate.h; sourceTree = "<group>"; };
		86C7121E182F57820049B517 /* TDAppDelegate.m */ = {isa = PBXFileReference; lastKnownFileType = sourcecode.c.objc; path = TDAppDelegate.m; sourceTree = "<group>"; };
		86C71221182F57820049B517 /* Base */ = {isa = PBXFileReference; lastKnownFileType = file.storyboard; name = Base; path = Base.lproj/Main.storyboard; sourceTree = "<group>"; };
		86C7122B182F57820049B517 /* Images.xcassets */ = {isa = PBXFileReference; lastKnownFileType = folder.assetcatalog; path = Images.xcassets; sourceTree = "<group>"; };
		86C71231182F57820049B517 /* TheDailyTests.xctest */ = {isa = PBXFileReference; explicitFileType = wrapper.cfbundle; includeInIndex = 0; path = TheDailyTests.xctest; sourceTree = BUILT_PRODUCTS_DIR; };
		86C71232182F57820049B517 /* XCTest.framework */ = {isa = PBXFileReference; lastKnownFileType = wrapper.framework; name = XCTest.framework; path = Library/Frameworks/XCTest.framework; sourceTree = DEVELOPER_DIR; };
		86C7123A182F57820049B517 /* TheDailyTests-Info.plist */ = {isa = PBXFileReference; lastKnownFileType = text.plist.xml; path = "TheDailyTests-Info.plist"; sourceTree = "<group>"; };
		86C7123C182F57820049B517 /* en */ = {isa = PBXFileReference; lastKnownFileType = text.plist.strings; name = en; path = en.lproj/InfoPlist.strings; sourceTree = "<group>"; };
		86C7123E182F57820049B517 /* TheDailyTests.m */ = {isa = PBXFileReference; lastKnownFileType = sourcecode.c.objc; path = TheDailyTests.m; sourceTree = "<group>"; };
		86C71248182F58490049B517 /* TDDayViewController.h */ = {isa = PBXFileReference; fileEncoding = 4; lastKnownFileType = sourcecode.c.h; path = TDDayViewController.h; sourceTree = "<group>"; };
		86C71249182F58490049B517 /* TDDayViewController.m */ = {isa = PBXFileReference; fileEncoding = 4; lastKnownFileType = sourcecode.c.objc; path = TDDayViewController.m; sourceTree = "<group>"; };
		86C7124E182F5A6E0049B517 /* TDReminderTemplateCell.h */ = {isa = PBXFileReference; fileEncoding = 4; lastKnownFileType = sourcecode.c.h; path = TDReminderTemplateCell.h; sourceTree = "<group>"; };
		86C7124F182F5A6E0049B517 /* TDReminderTemplateCell.m */ = {isa = PBXFileReference; fileEncoding = 4; lastKnownFileType = sourcecode.c.objc; path = TDReminderTemplateCell.m; sourceTree = "<group>"; };
		86C71251182F5A790049B517 /* reminderTemplateCell.xib */ = {isa = PBXFileReference; fileEncoding = 4; lastKnownFileType = file.xib; path = reminderTemplateCell.xib; sourceTree = "<group>"; };
		86C71253182F5F190049B517 /* TDReminderView.h */ = {isa = PBXFileReference; fileEncoding = 4; lastKnownFileType = sourcecode.c.h; path = TDReminderView.h; sourceTree = "<group>"; };
		86C71254182F5F190049B517 /* TDReminderView.m */ = {isa = PBXFileReference; fileEncoding = 4; lastKnownFileType = sourcecode.c.objc; path = TDReminderView.m; sourceTree = "<group>"; };
		86C71258182F61F80049B517 /* TDTemplateCollectionView.h */ = {isa = PBXFileReference; fileEncoding = 4; lastKnownFileType = sourcecode.c.h; path = TDTemplateCollectionView.h; sourceTree = "<group>"; };
		86C71259182F61F80049B517 /* TDTemplateCollectionView.m */ = {isa = PBXFileReference; fileEncoding = 4; lastKnownFileType = sourcecode.c.objc; path = TDTemplateCollectionView.m; sourceTree = "<group>"; };
		86C7125B182F6BC20049B517 /* JCMath.h */ = {isa = PBXFileReference; fileEncoding = 4; lastKnownFileType = sourcecode.c.h; path = JCMath.h; sourceTree = "<group>"; };
		86C7125C182F6BC20049B517 /* JCMath.m */ = {isa = PBXFileReference; fileEncoding = 4; lastKnownFileType = sourcecode.c.objc; path = JCMath.m; sourceTree = "<group>"; };
/* End PBXFileReference section */

/* Begin PBXFrameworksBuildPhase section */
		86C71206182F57820049B517 /* Frameworks */ = {
			isa = PBXFrameworksBuildPhase;
			buildActionMask = 2147483647;
			files = (
				86C7120F182F57820049B517 /* CoreGraphics.framework in Frameworks */,
				86C71211182F57820049B517 /* UIKit.framework in Frameworks */,
				86C71213182F57820049B517 /* SpriteKit.framework in Frameworks */,
				86C7120D182F57820049B517 /* Foundation.framework in Frameworks */,
			);
			runOnlyForDeploymentPostprocessing = 0;
		};
		86C7122E182F57820049B517 /* Frameworks */ = {
			isa = PBXFrameworksBuildPhase;
			buildActionMask = 2147483647;
			files = (
				86C71233182F57820049B517 /* XCTest.framework in Frameworks */,
				86C71235182F57820049B517 /* UIKit.framework in Frameworks */,
				86C71234182F57820049B517 /* Foundation.framework in Frameworks */,
			);
			runOnlyForDeploymentPostprocessing = 0;
		};
/* End PBXFrameworksBuildPhase section */

/* Begin PBXGroup section */
		86C71200182F57820049B517 = {
			isa = PBXGroup;
			children = (
				86C71214182F57820049B517 /* TheDaily */,
				86C71238182F57820049B517 /* TheDailyTests */,
				86C7120B182F57820049B517 /* Frameworks */,
				86C7120A182F57820049B517 /* Products */,
			);
			sourceTree = "<group>";
		};
		86C7120A182F57820049B517 /* Products */ = {
			isa = PBXGroup;
			children = (
				86C71209182F57820049B517 /* TheDaily.app */,
				86C71231182F57820049B517 /* TheDailyTests.xctest */,
			);
			name = Products;
			sourceTree = "<group>";
		};
		86C7120B182F57820049B517 /* Frameworks */ = {
			isa = PBXGroup;
			children = (
				862FB0281839343C006B355B /* MBProgressHUD.h */,
				862FB0291839343C006B355B /* MBProgressHUD.m */,
				86C7125B182F6BC20049B517 /* JCMath.h */,
				86C7125C182F6BC20049B517 /* JCMath.m */,
				86C7120C182F57820049B517 /* Foundation.framework */,
				86C7120E182F57820049B517 /* CoreGraphics.framework */,
				86C71210182F57820049B517 /* UIKit.framework */,
				86C71212182F57820049B517 /* SpriteKit.framework */,
				86C71232182F57820049B517 /* XCTest.framework */,
			);
			name = Frameworks;
			sourceTree = "<group>";
		};
		86C71214182F57820049B517 /* TheDaily */ = {
			isa = PBXGroup;
			children = (
				86C7121D182F57820049B517 /* TDAppDelegate.h */,
				86C7121E182F57820049B517 /* TDAppDelegate.m */,
				86C71220182F57820049B517 /* Main.storyboard */,
				86C71248182F58490049B517 /* TDDayViewController.h */,
				86C71249182F58490049B517 /* TDDayViewController.m */,
				86C7124E182F5A6E0049B517 /* TDReminderTemplateCell.h */,
				86C7124F182F5A6E0049B517 /* TDReminderTemplateCell.m */,
				86C71251182F5A790049B517 /* reminderTemplateCell.xib */,
				86C71253182F5F190049B517 /* TDReminderView.h */,
				86C71254182F5F190049B517 /* TDReminderView.m */,
				86C71258182F61F80049B517 /* TDTemplateCollectionView.h */,
				86C71259182F61F80049B517 /* TDTemplateCollectionView.m */,
				8645E9CE18331D9E0094F676 /* TDDayView.h */,
				8645E9CF18331D9E0094F676 /* TDDayView.m */,
				8645E9D11833370F0094F676 /* UILocalNotification+DailyNotification.h */,
				8645E9D21833370F0094F676 /* UILocalNotification+DailyNotification.m */,
				86C7122B182F57820049B517 /* Images.xcassets */,
				86C71215182F57820049B517 /* Supporting Files */,
			);
			path = TheDaily;
			sourceTree = "<group>";
		};
		86C71215182F57820049B517 /* Supporting Files */ = {
			isa = PBXGroup;
			children = (
				86C71216182F57820049B517 /* TheDaily-Info.plist */,
				86C71217182F57820049B517 /* InfoPlist.strings */,
				86C7121A182F57820049B517 /* main.m */,
				86C7121C182F57820049B517 /* TheDaily-Prefix.pch */,
			);
			name = "Supporting Files";
			sourceTree = "<group>";
		};
		86C71238182F57820049B517 /* TheDailyTests */ = {
			isa = PBXGroup;
			children = (
				86C7123E182F57820049B517 /* TheDailyTests.m */,
				86C71239182F57820049B517 /* Supporting Files */,
			);
			path = TheDailyTests;
			sourceTree = "<group>";
		};
		86C71239182F57820049B517 /* Supporting Files */ = {
			isa = PBXGroup;
			children = (
				86C7123A182F57820049B517 /* TheDailyTests-Info.plist */,
				86C7123B182F57820049B517 /* InfoPlist.strings */,
			);
			name = "Supporting Files";
			sourceTree = "<group>";
		};
/* End PBXGroup section */

/* Begin PBXNativeTarget section */
		86C71208182F57820049B517 /* TheDaily */ = {
			isa = PBXNativeTarget;
			buildConfigurationList = 86C71242182F57820049B517 /* Build configuration list for PBXNativeTarget "TheDaily" */;
			buildPhases = (
				86C71205182F57820049B517 /* Sources */,
				86C71206182F57820049B517 /* Frameworks */,
				86C71207182F57820049B517 /* Resources */,
			);
			buildRules = (
			);
			dependencies = (
			);
			name = TheDaily;
			productName = TheDaily;
			productReference = 86C71209182F57820049B517 /* TheDaily.app */;
			productType = "com.apple.product-type.application";
		};
		86C71230182F57820049B517 /* TheDailyTests */ = {
			isa = PBXNativeTarget;
			buildConfigurationList = 86C71245182F57820049B517 /* Build configuration list for PBXNativeTarget "TheDailyTests" */;
			buildPhases = (
				86C7122D182F57820049B517 /* Sources */,
				86C7122E182F57820049B517 /* Frameworks */,
				86C7122F182F57820049B517 /* Resources */,
			);
			buildRules = (
			);
			dependencies = (
				86C71237182F57820049B517 /* PBXTargetDependency */,
			);
			name = TheDailyTests;
			productName = TheDailyTests;
			productReference = 86C71231182F57820049B517 /* TheDailyTests.xctest */;
			productType = "com.apple.product-type.bundle.unit-test";
		};
/* End PBXNativeTarget section */

/* Begin PBXProject section */
		86C71201182F57820049B517 /* Project object */ = {
			isa = PBXProject;
			attributes = {
				CLASSPREFIX = TD;
				LastUpgradeCheck = 0500;
				ORGANIZATIONNAME = "Jon Como";
				TargetAttributes = {
					86C71230182F57820049B517 = {
						TestTargetID = 86C71208182F57820049B517;
					};
				};
			};
			buildConfigurationList = 86C71204182F57820049B517 /* Build configuration list for PBXProject "TheDaily" */;
			compatibilityVersion = "Xcode 3.2";
			developmentRegion = English;
			hasScannedForEncodings = 0;
			knownRegions = (
				en,
				Base,
			);
			mainGroup = 86C71200182F57820049B517;
			productRefGroup = 86C7120A182F57820049B517 /* Products */;
			projectDirPath = "";
			projectRoot = "";
			targets = (
				86C71208182F57820049B517 /* TheDaily */,
				86C71230182F57820049B517 /* TheDailyTests */,
			);
		};
/* End PBXProject section */

/* Begin PBXResourcesBuildPhase section */
		86C71207182F57820049B517 /* Resources */ = {
			isa = PBXResourcesBuildPhase;
			buildActionMask = 2147483647;
			files = (
				86C71219182F57820049B517 /* InfoPlist.strings in Resources */,
				86C7122C182F57820049B517 /* Images.xcassets in Resources */,
				86C71222182F57820049B517 /* Main.storyboard in Resources */,
				86C71252182F5A790049B517 /* reminderTemplateCell.xib in Resources */,
			);
			runOnlyForDeploymentPostprocessing = 0;
		};
		86C7122F182F57820049B517 /* Resources */ = {
			isa = PBXResourcesBuildPhase;
			buildActionMask = 2147483647;
			files = (
				86C7123D182F57820049B517 /* InfoPlist.strings in Resources */,
			);
			runOnlyForDeploymentPostprocessing = 0;
		};
/* End PBXResourcesBuildPhase section */

/* Begin PBXSourcesBuildPhase section */
		86C71205182F57820049B517 /* Sources */ = {
			isa = PBXSourcesBuildPhase;
			buildActionMask = 2147483647;
			files = (
				86C7125A182F61F80049B517 /* TDTemplateCollectionView.m in Sources */,
				86C7121F182F57820049B517 /* TDAppDelegate.m in Sources */,
				86C7125D182F6BC20049B517 /* JCMath.m in Sources */,
				86C7121B182F57820049B517 /* main.m in Sources */,
				86C71255182F5F190049B517 /* TDReminderView.m in Sources */,
				86C7124A182F58490049B517 /* TDDayViewController.m in Sources */,
				86C71250182F5A6E0049B517 /* TDReminderTemplateCell.m in Sources */,
				862FB02A1839343C006B355B /* MBProgressHUD.m in Sources */,
				8645E9D018331D9E0094F676 /* TDDayView.m in Sources */,
				8645E9D31833370F0094F676 /* UILocalNotification+DailyNotification.m in Sources */,
			);
			runOnlyForDeploymentPostprocessing = 0;
		};
		86C7122D182F57820049B517 /* Sources */ = {
			isa = PBXSourcesBuildPhase;
			buildActionMask = 2147483647;
			files = (
				86C7123F182F57820049B517 /* TheDailyTests.m in Sources */,
			);
			runOnlyForDeploymentPostprocessing = 0;
		};
/* End PBXSourcesBuildPhase section */

/* Begin PBXTargetDependency section */
		86C71237182F57820049B517 /* PBXTargetDependency */ = {
			isa = PBXTargetDependency;
			target = 86C71208182F57820049B517 /* TheDaily */;
			targetProxy = 86C71236182F57820049B517 /* PBXContainerItemProxy */;
		};
/* End PBXTargetDependency section */

/* Begin PBXVariantGroup section */
		86C71217182F57820049B517 /* InfoPlist.strings */ = {
			isa = PBXVariantGroup;
			children = (
				86C71218182F57820049B517 /* en */,
			);
			name = InfoPlist.strings;
			sourceTree = "<group>";
		};
		86C71220182F57820049B517 /* Main.storyboard */ = {
			isa = PBXVariantGroup;
			children = (
				86C71221182F57820049B517 /* Base */,
			);
			name = Main.storyboard;
			sourceTree = "<group>";
		};
		86C7123B182F57820049B517 /* InfoPlist.strings */ = {
			isa = PBXVariantGroup;
			children = (
				86C7123C182F57820049B517 /* en */,
			);
			name = InfoPlist.strings;
			sourceTree = "<group>";
		};
/* End PBXVariantGroup section */

/* Begin XCBuildConfiguration section */
		86C71240182F57820049B517 /* Debug */ = {
			isa = XCBuildConfiguration;
			buildSettings = {
				ALWAYS_SEARCH_USER_PATHS = NO;
				ARCHS = "$(ARCHS_STANDARD_INCLUDING_64_BIT)";
				CLANG_CXX_LANGUAGE_STANDARD = "gnu++0x";
				CLANG_CXX_LIBRARY = "libc++";
				CLANG_ENABLE_MODULES = YES;
				CLANG_ENABLE_OBJC_ARC = YES;
				CLANG_WARN_BOOL_CONVERSION = YES;
				CLANG_WARN_CONSTANT_CONVERSION = YES;
				CLANG_WARN_DIRECT_OBJC_ISA_USAGE = YES_ERROR;
				CLANG_WARN_EMPTY_BODY = YES;
				CLANG_WARN_ENUM_CONVERSION = YES;
				CLANG_WARN_INT_CONVERSION = YES;
				CLANG_WARN_OBJC_ROOT_CLASS = YES_ERROR;
				CLANG_WARN__DUPLICATE_METHOD_MATCH = YES;
				"CODE_SIGN_IDENTITY[sdk=iphoneos*]" = "iPhone Developer";
				COPY_PHASE_STRIP = NO;
				GCC_C_LANGUAGE_STANDARD = gnu99;
				GCC_DYNAMIC_NO_PIC = NO;
				GCC_OPTIMIZATION_LEVEL = 0;
				GCC_PREPROCESSOR_DEFINITIONS = (
					"DEBUG=1",
					"$(inherited)",
				);
				GCC_SYMBOLS_PRIVATE_EXTERN = NO;
				GCC_WARN_64_TO_32_BIT_CONVERSION = YES;
				GCC_WARN_ABOUT_RETURN_TYPE = YES_ERROR;
				GCC_WARN_UNDECLARED_SELECTOR = YES;
				GCC_WARN_UNINITIALIZED_AUTOS = YES;
				GCC_WARN_UNUSED_FUNCTION = YES;
				GCC_WARN_UNUSED_VARIABLE = YES;
				IPHONEOS_DEPLOYMENT_TARGET = 7.0;
				ONLY_ACTIVE_ARCH = YES;
				SDKROOT = iphoneos;
			};
			name = Debug;
		};
		86C71241182F57820049B517 /* Release */ = {
			isa = XCBuildConfiguration;
			buildSettings = {
				ALWAYS_SEARCH_USER_PATHS = NO;
				ARCHS = "$(ARCHS_STANDARD_INCLUDING_64_BIT)";
				CLANG_CXX_LANGUAGE_STANDARD = "gnu++0x";
				CLANG_CXX_LIBRARY = "libc++";
				CLANG_ENABLE_MODULES = YES;
				CLANG_ENABLE_OBJC_ARC = YES;
				CLANG_WARN_BOOL_CONVERSION = YES;
				CLANG_WARN_CONSTANT_CONVERSION = YES;
				CLANG_WARN_DIRECT_OBJC_ISA_USAGE = YES_ERROR;
				CLANG_WARN_EMPTY_BODY = YES;
				CLANG_WARN_ENUM_CONVERSION = YES;
				CLANG_WARN_INT_CONVERSION = YES;
				CLANG_WARN_OBJC_ROOT_CLASS = YES_ERROR;
				CLANG_WARN__DUPLICATE_METHOD_MATCH = YES;
				"CODE_SIGN_IDENTITY[sdk=iphoneos*]" = "iPhone Developer";
				COPY_PHASE_STRIP = YES;
				ENABLE_NS_ASSERTIONS = NO;
				GCC_C_LANGUAGE_STANDARD = gnu99;
				GCC_WARN_64_TO_32_BIT_CONVERSION = YES;
				GCC_WARN_ABOUT_RETURN_TYPE = YES_ERROR;
				GCC_WARN_UNDECLARED_SELECTOR = YES;
				GCC_WARN_UNINITIALIZED_AUTOS = YES;
				GCC_WARN_UNUSED_FUNCTION = YES;
				GCC_WARN_UNUSED_VARIABLE = YES;
				IPHONEOS_DEPLOYMENT_TARGET = 7.0;
				SDKROOT = iphoneos;
				VALIDATE_PRODUCT = YES;
			};
			name = Release;
		};
		86C71243182F57820049B517 /* Debug */ = {
			isa = XCBuildConfiguration;
			buildSettings = {
				ASSETCATALOG_COMPILER_APPICON_NAME = AppIcon;
				ASSETCATALOG_COMPILER_LAUNCHIMAGE_NAME = LaunchImage;
				GCC_PRECOMPILE_PREFIX_HEADER = YES;
				GCC_PREFIX_HEADER = "TheDaily/TheDaily-Prefix.pch";
				INFOPLIST_FILE = "TheDaily/TheDaily-Info.plist";
				PRODUCT_NAME = "$(TARGET_NAME)";
				SPRITEKIT_TEXTURE_ATLAS_OUTPUT = YES;
				WRAPPER_EXTENSION = app;
			};
			name = Debug;
		};
		86C71244182F57820049B517 /* Release */ = {
			isa = XCBuildConfiguration;
			buildSettings = {
				ASSETCATALOG_COMPILER_APPICON_NAME = AppIcon;
				ASSETCATALOG_COMPILER_LAUNCHIMAGE_NAME = LaunchImage;
				GCC_PRECOMPILE_PREFIX_HEADER = YES;
				GCC_PREFIX_HEADER = "TheDaily/TheDaily-Prefix.pch";
				INFOPLIST_FILE = "TheDaily/TheDaily-Info.plist";
				PRODUCT_NAME = "$(TARGET_NAME)";
				SPRITEKIT_TEXTURE_ATLAS_OUTPUT = YES;
				WRAPPER_EXTENSION = app;
			};
			name = Release;
		};
		86C71246182F57820049B517 /* Debug */ = {
			isa = XCBuildConfiguration;
			buildSettings = {
				ARCHS = "$(ARCHS_STANDARD_INCLUDING_64_BIT)";
				BUNDLE_LOADER = "$(BUILT_PRODUCTS_DIR)/TheDaily.app/TheDaily";
				FRAMEWORK_SEARCH_PATHS = (
					"$(SDKROOT)/Developer/Library/Frameworks",
					"$(inherited)",
					"$(DEVELOPER_FRAMEWORKS_DIR)",
				);
				GCC_PRECOMPILE_PREFIX_HEADER = YES;
				GCC_PREFIX_HEADER = "TheDaily/TheDaily-Prefix.pch";
				GCC_PREPROCESSOR_DEFINITIONS = (
					"DEBUG=1",
					"$(inherited)",
				);
				INFOPLIST_FILE = "TheDailyTests/TheDailyTests-Info.plist";
				PRODUCT_NAME = "$(TARGET_NAME)";
				TEST_HOST = "$(BUNDLE_LOADER)";
				WRAPPER_EXTENSION = xctest;
			};
			name = Debug;
		};
		86C71247182F57820049B517 /* Release */ = {
			isa = XCBuildConfiguration;
			buildSettings = {
				ARCHS = "$(ARCHS_STANDARD_INCLUDING_64_BIT)";
				BUNDLE_LOADER = "$(BUILT_PRODUCTS_DIR)/TheDaily.app/TheDaily";
				FRAMEWORK_SEARCH_PATHS = (
					"$(SDKROOT)/Developer/Library/Frameworks",
					"$(inherited)",
					"$(DEVELOPER_FRAMEWORKS_DIR)",
				);
				GCC_PRECOMPILE_PREFIX_HEADER = YES;
				GCC_PREFIX_HEADER = "TheDaily/TheDaily-Prefix.pch";
				INFOPLIST_FILE = "TheDailyTests/TheDailyTests-Info.plist";
				PRODUCT_NAME = "$(TARGET_NAME)";
				TEST_HOST = "$(BUNDLE_LOADER)";
				WRAPPER_EXTENSION = xctest;
			};
			name = Release;
		};
/* End XCBuildConfiguration section */

/* Begin XCConfigurationList section */
		86C71204182F57820049B517 /* Build configuration list for PBXProject "TheDaily" */ = {
			isa = XCConfigurationList;
			buildConfigurations = (
				86C71240182F57820049B517 /* Debug */,
				86C71241182F57820049B517 /* Release */,
			);
			defaultConfigurationIsVisible = 0;
			defaultConfigurationName = Release;
		};
		86C71242182F57820049B517 /* Build configuration list for PBXNativeTarget "TheDaily" */ = {
			isa = XCConfigurationList;
			buildConfigurations = (
				86C71243182F57820049B517 /* Debug */,
				86C71244182F57820049B517 /* Release */,
			);
			defaultConfigurationIsVisible = 0;
			defaultConfigurationName = Release;
		};
		86C71245182F57820049B517 /* Build configuration list for PBXNativeTarget "TheDailyTests" */ = {
			isa = XCConfigurationList;
			buildConfigurations = (
				86C71246182F57820049B517 /* Debug */,
				86C71247182F57820049B517 /* Release */,
			);
			defaultConfigurationIsVisible = 0;
			defaultConfigurationName = Release;
		};
/* End XCConfigurationList section */
	};
	rootObject = 86C71201182F57820049B517 /* Project object */;
}
